
Microsoft Visual Studio Solution File, Format Version 12.00
# Visual Studio 15
VisualStudioVersion = 15.0.26124.0
MinimumVisualStudioVersion = 15.0.26124.0
Project("{FAE04EC0-301F-11D3-BF4B-00C04F79EFBC}") = "Domain", "Domain\Domain.csproj", "{22AD5D90-AE3E-4E89-87AD-CEE17D4F2B72}"
EndProject
Project("{FAE04EC0-301F-11D3-BF4B-00C04F79EFBC}") = "API", "API\API.csproj", "{20E27CB6-C6B6-4682-A07A-D4DF4BF520C5}"
EndProject
Project("{FAE04EC0-301F-11D3-BF4B-00C04F79EFBC}") = "Application", "Application\Application.csproj", "{7A9F087C-23E8-4993-9A92-08A893260E0D}"
EndProject
Project("{FAE04EC0-301F-11D3-BF4B-00C04F79EFBC}") = "Persistence", "Persistence\Persistence.csproj", "{A9D6B997-A953-473C-BA41-1E030C925D49}"
EndProject
Global
	GlobalSection(SolutionConfigurationPlatforms) = preSolution
		Debug|Any CPU = Debug|Any CPU
		Debug|x64 = Debug|x64
		Debug|x86 = Debug|x86
		Release|Any CPU = Release|Any CPU
		Release|x64 = Release|x64
		Release|x86 = Release|x86
	EndGlobalSection
	GlobalSection(SolutionProperties) = preSolution
		HideSolutionNode = FALSE
	EndGlobalSection
	GlobalSection(ProjectConfigurationPlatforms) = postSolution
		{22AD5D90-AE3E-4E89-87AD-CEE17D4F2B72}.Debug|Any CPU.ActiveCfg = Debug|Any CPU
		{22AD5D90-AE3E-4E89-87AD-CEE17D4F2B72}.Debug|Any CPU.Build.0 = Debug|Any CPU
		{22AD5D90-AE3E-4E89-87AD-CEE17D4F2B72}.Debug|x64.ActiveCfg = Debug|Any CPU
		{22AD5D90-AE3E-4E89-87AD-CEE17D4F2B72}.Debug|x64.Build.0 = Debug|Any CPU
		{22AD5D90-AE3E-4E89-87AD-CEE17D4F2B72}.Debug|x86.ActiveCfg = Debug|Any CPU
		{22AD5D90-AE3E-4E89-87AD-CEE17D4F2B72}.Debug|x86.Build.0 = Debug|Any CPU
		{22AD5D90-AE3E-4E89-87AD-CEE17D4F2B72}.Release|Any CPU.ActiveCfg = Release|Any CPU
		{22AD5D90-AE3E-4E89-87AD-CEE17D4F2B72}.Release|Any CPU.Build.0 = Release|Any CPU
		{22AD5D90-AE3E-4E89-87AD-CEE17D4F2B72}.Release|x64.ActiveCfg = Release|Any CPU
		{22AD5D90-AE3E-4E89-87AD-CEE17D4F2B72}.Release|x64.Build.0 = Release|Any CPU
		{22AD5D90-AE3E-4E89-87AD-CEE17D4F2B72}.Release|x86.ActiveCfg = Release|Any CPU
		{22AD5D90-AE3E-4E89-87AD-CEE17D4F2B72}.Release|x86.Build.0 = Release|Any CPU
		{20E27CB6-C6B6-4682-A07A-D4DF4BF520C5}.Debug|Any CPU.ActiveCfg = Debug|Any CPU
		{20E27CB6-C6B6-4682-A07A-D4DF4BF520C5}.Debug|Any CPU.Build.0 = Debug|Any CPU
		{20E27CB6-C6B6-4682-A07A-D4DF4BF520C5}.Debug|x64.ActiveCfg = Debug|Any CPU
		{20E27CB6-C6B6-4682-A07A-D4DF4BF520C5}.Debug|x64.Build.0 = Debug|Any CPU
		{20E27CB6-C6B6-4682-A07A-D4DF4BF520C5}.Debug|x86.ActiveCfg = Debug|Any CPU
		{20E27CB6-C6B6-4682-A07A-D4DF4BF520C5}.Debug|x86.Build.0 = Debug|Any CPU
		{20E27CB6-C6B6-4682-A07A-D4DF4BF520C5}.Release|Any CPU.ActiveCfg = Release|Any CPU
		{20E27CB6-C6B6-4682-A07A-D4DF4BF520C5}.Release|Any CPU.Build.0 = Release|Any CPU
		{20E27CB6-C6B6-4682-A07A-D4DF4BF520C5}.Release|x64.ActiveCfg = Release|Any CPU
		{20E27CB6-C6B6-4682-A07A-D4DF4BF520C5}.Release|x64.Build.0 = Release|Any CPU
		{20E27CB6-C6B6-4682-A07A-D4DF4BF520C5}.Release|x86.ActiveCfg = Release|Any CPU
		{20E27CB6-C6B6-4682-A07A-D4DF4BF520C5}.Release|x86.Build.0 = Release|Any CPU
		{7A9F087C-23E8-4993-9A92-08A893260E0D}.Debug|Any CPU.ActiveCfg = Debug|Any CPU
		{7A9F087C-23E8-4993-9A92-08A893260E0D}.Debug|Any CPU.Build.0 = Debug|Any CPU
		{7A9F087C-23E8-4993-9A92-08A893260E0D}.Debug|x64.ActiveCfg = Debug|Any CPU
		{7A9F087C-23E8-4993-9A92-08A893260E0D}.Debug|x64.Build.0 = Debug|Any CPU
		{7A9F087C-23E8-4993-9A92-08A893260E0D}.Debug|x86.ActiveCfg = Debug|Any CPU
		{7A9F087C-23E8-4993-9A92-08A893260E0D}.Debug|x86.Build.0 = Debug|Any CPU
		{7A9F087C-23E8-4993-9A92-08A893260E0D}.Release|Any CPU.ActiveCfg = Release|Any CPU
		{7A9F087C-23E8-4993-9A92-08A893260E0D}.Release|Any CPU.Build.0 = Release|Any CPU
		{7A9F087C-23E8-4993-9A92-08A893260E0D}.Release|x64.ActiveCfg = Release|Any CPU
		{7A9F087C-23E8-4993-9A92-08A893260E0D}.Release|x64.Build.0 = Release|Any CPU
		{7A9F087C-23E8-4993-9A92-08A893260E0D}.Release|x86.ActiveCfg = Release|Any CPU
		{7A9F087C-23E8-4993-9A92-08A893260E0D}.Release|x86.Build.0 = Release|Any CPU
		{A9D6B997-A953-473C-BA41-1E030C925D49}.Debug|Any CPU.ActiveCfg = Debug|Any CPU
		{A9D6B997-A953-473C-BA41-1E030C925D49}.Debug|Any CPU.Build.0 = Debug|Any CPU
		{A9D6B997-A953-473C-BA41-1E030C925D49}.Debug|x64.ActiveCfg = Debug|Any CPU
		{A9D6B997-A953-473C-BA41-1E030C925D49}.Debug|x64.Build.0 = Debug|Any CPU
		{A9D6B997-A953-473C-BA41-1E030C925D49}.Debug|x86.ActiveCfg = Debug|Any CPU
		{A9D6B997-A953-473C-BA41-1E030C925D49}.Debug|x86.Build.0 = Debug|Any CPU
		{A9D6B997-A953-473C-BA41-1E030C925D49}.Release|Any CPU.ActiveCfg = Release|Any CPU
		{A9D6B997-A953-473C-BA41-1E030C925D49}.Release|Any CPU.Build.0 = Release|Any CPU
		{A9D6B997-A953-473C-BA41-1E030C925D49}.Release|x64.ActiveCfg = Release|Any CPU
		{A9D6B997-A953-473C-BA41-1E030C925D49}.Release|x64.Build.0 = Release|Any CPU
		{A9D6B997-A953-473C-BA41-1E030C925D49}.Release|x86.ActiveCfg = Release|Any CPU
		{A9D6B997-A953-473C-BA41-1E030C925D49}.Release|x86.Build.0 = Release|Any CPU
	EndGlobalSection
EndGlobal
